
Microsoft Visual Studio Solution File, Format Version 12.00
# Visual Studio Version 16
VisualStudioVersion = 16.0.30114.105
MinimumVisualStudioVersion = 10.0.40219.1
Project("{FAE04EC0-301F-11D3-BF4B-00C04F79EFBC}") = "miniapi", "miniapi\miniapi.csproj", "{5584A8DC-A570-4028-A29D-818ABBD77EE5}"
EndProject
Project("{FAE04EC0-301F-11D3-BF4B-00C04F79EFBC}") = "miniblazorprojekt", "miniblazorprojekt\miniblazorprojekt.csproj", "{B68ED520-8468-48B1-8EC8-FE1C03617BC9}"
EndProject
Global
	GlobalSection(SolutionConfigurationPlatforms) = preSolution
		Debug|Any CPU = Debug|Any CPU
		Release|Any CPU = Release|Any CPU
	EndGlobalSection
	GlobalSection(SolutionProperties) = preSolution
		HideSolutionNode = FALSE
	EndGlobalSection
	GlobalSection(ProjectConfigurationPlatforms) = postSolution
		{5584A8DC-A570-4028-A29D-818ABBD77EE5}.Debug|Any CPU.ActiveCfg = Debug|Any CPU
		{5584A8DC-A570-4028-A29D-818ABBD77EE5}.Debug|Any CPU.Build.0 = Debug|Any CPU
		{5584A8DC-A570-4028-A29D-818ABBD77EE5}.Release|Any CPU.ActiveCfg = Release|Any CPU
		{5584A8DC-A570-4028-A29D-818ABBD77EE5}.Release|Any CPU.Build.0 = Release|Any CPU
		{B68ED520-8468-48B1-8EC8-FE1C03617BC9}.Debug|Any CPU.ActiveCfg = Debug|Any CPU
		{B68ED520-8468-48B1-8EC8-FE1C03617BC9}.Debug|Any CPU.Build.0 = Debug|Any CPU
		{B68ED520-8468-48B1-8EC8-FE1C03617BC9}.Release|Any CPU.ActiveCfg = Release|Any CPU
		{B68ED520-8468-48B1-8EC8-FE1C03617BC9}.Release|Any CPU.Build.0 = Release|Any CPU
	EndGlobalSection
EndGlobal
